// !$*UTF8*$!
{
	archiveVersion = 1;
	classes = {
	};
	objectVersion = 54;
	objects = {

/* Begin PBXBuildFile section */
		BA091CCD2676477F00C9B167 /* FruitsArray.swift in Sources */ = {isa = PBXBuildFile; fileRef = BA091CCC2676477F00C9B167 /* FruitsArray.swift */; };
		BA29EEFC2670E48E0076F3F2 /* AppDelegate.swift in Sources */ = {isa = PBXBuildFile; fileRef = BA29EEFB2670E48E0076F3F2 /* AppDelegate.swift */; };
		BA29EEFE2670E48E0076F3F2 /* SceneDelegate.swift in Sources */ = {isa = PBXBuildFile; fileRef = BA29EEFD2670E48E0076F3F2 /* SceneDelegate.swift */; };
		BA29EF002670E48E0076F3F2 /* ViewController.swift in Sources */ = {isa = PBXBuildFile; fileRef = BA29EEFF2670E48E0076F3F2 /* ViewController.swift */; };
		BA29EF032670E48E0076F3F2 /* Main.storyboard in Resources */ = {isa = PBXBuildFile; fileRef = BA29EF012670E48E0076F3F2 /* Main.storyboard */; };
		BA29EF052670E4900076F3F2 /* Assets.xcassets in Resources */ = {isa = PBXBuildFile; fileRef = BA29EF042670E4900076F3F2 /* Assets.xcassets */; };
		BA29EF082670E4900076F3F2 /* LaunchScreen.storyboard in Resources */ = {isa = PBXBuildFile; fileRef = BA29EF062670E4900076F3F2 /* LaunchScreen.storyboard */; };
		BAF793DE2672C4FC008271FB /* CustomTableViewCell.swift in Sources */ = {isa = PBXBuildFile; fileRef = BAF793DC2672C4FC008271FB /* CustomTableViewCell.swift */; };
		BAF793DF2672C4FC008271FB /* CustomTableViewCell.xib in Resources */ = {isa = PBXBuildFile; fileRef = BAF793DD2672C4FC008271FB /* CustomTableViewCell.xib */; };
/* End PBXBuildFile section */

/* Begin PBXFileReference section */
		BA091CCC2676477F00C9B167 /* FruitsArray.swift */ = {isa = PBXFileReference; lastKnownFileType = sourcecode.swift; path = FruitsArray.swift; sourceTree = "<group>"; };
		BA29EEF82670E48E0076F3F2 /* subject_13.app */ = {isa = PBXFileReference; explicitFileType = wrapper.application; includeInIndex = 0; path = subject_13.app; sourceTree = BUILT_PRODUCTS_DIR; };
		BA29EEFB2670E48E0076F3F2 /* AppDelegate.swift */ = {isa = PBXFileReference; lastKnownFileType = sourcecode.swift; path = AppDelegate.swift; sourceTree = "<group>"; };
		BA29EEFD2670E48E0076F3F2 /* SceneDelegate.swift */ = {isa = PBXFileReference; lastKnownFileType = sourcecode.swift; path = SceneDelegate.swift; sourceTree = "<group>"; };
		BA29EEFF2670E48E0076F3F2 /* ViewController.swift */ = {isa = PBXFileReference; lastKnownFileType = sourcecode.swift; path = ViewController.swift; sourceTree = "<group>"; };
		BA29EF022670E48E0076F3F2 /* Base */ = {isa = PBXFileReference; lastKnownFileType = file.storyboard; name = Base; path = Base.lproj/Main.storyboard; sourceTree = "<group>"; };
		BA29EF042670E4900076F3F2 /* Assets.xcassets */ = {isa = PBXFileReference; lastKnownFileType = folder.assetcatalog; path = Assets.xcassets; sourceTree = "<group>"; };
		BA29EF072670E4900076F3F2 /* Base */ = {isa = PBXFileReference; lastKnownFileType = file.storyboard; name = Base; path = Base.lproj/LaunchScreen.storyboard; sourceTree = "<group>"; };
		BA29EF092670E4900076F3F2 /* Info.plist */ = {isa = PBXFileReference; lastKnownFileType = text.plist.xml; path = Info.plist; sourceTree = "<group>"; };
		BAF793DC2672C4FC008271FB /* CustomTableViewCell.swift */ = {isa = PBXFileReference; lastKnownFileType = sourcecode.swift; path = CustomTableViewCell.swift; sourceTree = "<group>"; };
		BAF793DD2672C4FC008271FB /* CustomTableViewCell.xib */ = {isa = PBXFileReference; lastKnownFileType = file.xib; path = CustomTableViewCell.xib; sourceTree = "<group>"; };
/* End PBXFileReference section */

/* Begin PBXFrameworksBuildPhase section */
		BA29EEF52670E48E0076F3F2 /* Frameworks */ = {
			isa = PBXFrameworksBuildPhase;
			buildActionMask = 2147483647;
			files = (
			);
			runOnlyForDeploymentPostprocessing = 0;
		};
/* End PBXFrameworksBuildPhase section */

/* Begin PBXGroup section */
		BA091CC626744E0C00C9B167 /* View */ = {
			isa = PBXGroup;
			children = (
			);
			path = View;
			sourceTree = "<group>";
		};
		BA091CC726744E1100C9B167 /* Model */ = {
			isa = PBXGroup;
			children = (
				BA091CCC2676477F00C9B167 /* FruitsArray.swift */,
			);
			path = Model;
			sourceTree = "<group>";
		};
		BA29EEEF2670E48E0076F3F2 = {
			isa = PBXGroup;
			children = (
				BA29EEFA2670E48E0076F3F2 /* subject_13 */,
				BA29EEF92670E48E0076F3F2 /* Products */,
			);
			sourceTree = "<group>";
		};
		BA29EEF92670E48E0076F3F2 /* Products */ = {
			isa = PBXGroup;
			children = (
				BA29EEF82670E48E0076F3F2 /* subject_13.app */,
			);
			name = Products;
			sourceTree = "<group>";
		};
		BA29EEFA2670E48E0076F3F2 /* subject_13 */ = {
			isa = PBXGroup;
			children = (
				BA091CC726744E1100C9B167 /* Model */,
				BA091CC626744E0C00C9B167 /* View */,
				BAF793E02672C520008271FB /* Controller */,
				BA29EEFB2670E48E0076F3F2 /* AppDelegate.swift */,
				BA29EEFD2670E48E0076F3F2 /* SceneDelegate.swift */,
				BA29EF012670E48E0076F3F2 /* Main.storyboard */,
				BA29EF042670E4900076F3F2 /* Assets.xcassets */,
				BA29EF062670E4900076F3F2 /* LaunchScreen.storyboard */,
				BA29EF092670E4900076F3F2 /* Info.plist */,
			);
			path = subject_13;
			sourceTree = "<group>";
		};
		BAF793E02672C520008271FB /* Controller */ = {
			isa = PBXGroup;
			children = (
				BAF793E12672C52B008271FB /* TableView */,
				BA29EEFF2670E48E0076F3F2 /* ViewController.swift */,
			);
			path = Controller;
			sourceTree = "<group>";
		};
		BAF793E12672C52B008271FB /* TableView */ = {
			isa = PBXGroup;
			children = (
				BAF793DD2672C4FC008271FB /* CustomTableViewCell.xib */,
				BAF793DC2672C4FC008271FB /* CustomTableViewCell.swift */,
			);
			path = TableView;
			sourceTree = "<group>";
		};
/* End PBXGroup section */

/* Begin PBXNativeTarget section */
		BA29EEF72670E48E0076F3F2 /* subject_13 */ = {
			isa = PBXNativeTarget;
			buildConfigurationList = BA29EF0C2670E4900076F3F2 /* Build configuration list for PBXNativeTarget "subject_13" */;
			buildPhases = (
				BA29EEF42670E48E0076F3F2 /* Sources */,
				BA29EEF52670E48E0076F3F2 /* Frameworks */,
				BA29EEF62670E48E0076F3F2 /* Resources */,
				BAF167322672F69300E9A0EC /* ShellScript */,
			);
			buildRules = (
			);
			dependencies = (
			);
			name = subject_13;
			productName = subject_13;
			productReference = BA29EEF82670E48E0076F3F2 /* subject_13.app */;
			productType = "com.apple.product-type.application";
		};
/* End PBXNativeTarget section */

/* Begin PBXProject section */
		BA29EEF02670E48E0076F3F2 /* Project object */ = {
			isa = PBXProject;
			attributes = {
				LastSwiftUpdateCheck = 1250;
				LastUpgradeCheck = 1250;
				TargetAttributes = {
					BA29EEF72670E48E0076F3F2 = {
						CreatedOnToolsVersion = 12.5;
					};
				};
			};
			buildConfigurationList = BA29EEF32670E48E0076F3F2 /* Build configuration list for PBXProject "subject_13" */;
			compatibilityVersion = "Xcode 9.3";
			developmentRegion = en;
			hasScannedForEncodings = 0;
			knownRegions = (
				en,
				Base,
			);
			mainGroup = BA29EEEF2670E48E0076F3F2;
			productRefGroup = BA29EEF92670E48E0076F3F2 /* Products */;
			projectDirPath = "";
			projectRoot = "";
			targets = (
				BA29EEF72670E48E0076F3F2 /* subject_13 */,
			);
		};
/* End PBXProject section */

/* Begin PBXResourcesBuildPhase section */
		BA29EEF62670E48E0076F3F2 /* Resources */ = {
			isa = PBXResourcesBuildPhase;
			buildActionMask = 2147483647;
			files = (
				BA29EF082670E4900076F3F2 /* LaunchScreen.storyboard in Resources */,
				BA29EF052670E4900076F3F2 /* Assets.xcassets in Resources */,
				BAF793DF2672C4FC008271FB /* CustomTableViewCell.xib in Resources */,
				BA29EF032670E48E0076F3F2 /* Main.storyboard in Resources */,
			);
			runOnlyForDeploymentPostprocessing = 0;
		};
/* End PBXResourcesBuildPhase section */

/* Begin PBXShellScriptBuildPhase section */
		BAF167322672F69300E9A0EC /* ShellScript */ = {
			isa = PBXShellScriptBuildPhase;
			alwaysOutOfDate = 1;
			buildActionMask = 12;
			files = (
			);
			inputFileListPaths = (
			);
			inputPaths = (
			);
			outputFileListPaths = (
			);
			outputPaths = (
			);
			runOnlyForDeploymentPostprocessing = 0;
			shellPath = /bin/sh;
			shellScript = "# Type a script or drag a script file from your workspace to insert its path.\nif which swiftlint >/dev/null; then\n  swiftlint\nelse\n  echo \"warning: SwiftLint not installed, download from https://github.com/realm/SwiftLint\"\nfi\n";
		};
/* End PBXShellScriptBuildPhase section */

/* Begin PBXSourcesBuildPhase section */
		BA29EEF42670E48E0076F3F2 /* Sources */ = {
			isa = PBXSourcesBuildPhase;
			buildActionMask = 2147483647;
			files = (
				BA29EF002670E48E0076F3F2 /* ViewController.swift in Sources */,
				BA29EEFC2670E48E0076F3F2 /* AppDelegate.swift in Sources */,
				BAF793DE2672C4FC008271FB /* CustomTableViewCell.swift in Sources */,
				BA091CCD2676477F00C9B167 /* FruitsArray.swift in Sources */,
				BA29EEFE2670E48E0076F3F2 /* SceneDelegate.swift in Sources */,
			);
			runOnlyForDeploymentPostprocessing = 0;
		};
/* End PBXSourcesBuildPhase section */

/* Begin PBXVariantGroup section */
		BA29EF012670E48E0076F3F2 /* Main.storyboard */ = {
			isa = PBXVariantGroup;
			children = (
				BA29EF022670E48E0076F3F2 /* Base */,
			);
			name = Main.storyboard;
			sourceTree = "<group>";
		};
		BA29EF062670E4900076F3F2 /* LaunchScreen.storyboard */ = {
			isa = PBXVariantGroup;
			children = (
				BA29EF072670E4900076F3F2 /* Base */,
			);
			name = LaunchScreen.storyboard;
			sourceTree = "<group>";
		};
/* End PBXVariantGroup section */

/* Begin XCBuildConfiguration section */
		BA29EF0A2670E4900076F3F2 /* Debug */ = {
			isa = XCBuildConfiguration;
			buildSettings = {
				ALWAYS_SEARCH_USER_PATHS = NO;
				CLANG_ANALYZER_NONNULL = YES;
				CLANG_ANALYZER_NUMBER_OBJECT_CONVERSION = YES_AGGRESSIVE;
				CLANG_CXX_LANGUAGE_STANDARD = "gnu++14";
				CLANG_CXX_LIBRARY = "libc++";
				CLANG_ENABLE_MODULES = YES;
				CLANG_ENABLE_OBJC_ARC = YES;
				CLANG_ENABLE_OBJC_WEAK = YES;
				CLANG_WARN_BLOCK_CAPTURE_AUTORELEASING = YES;
				CLANG_WARN_BOOL_CONVERSION = YES;
				CLANG_WARN_COMMA = YES;
				CLANG_WARN_CONSTANT_CONVERSION = YES;
				CLANG_WARN_DEPRECATED_OBJC_IMPLEMENTATIONS = YES;
				CLANG_WARN_DIRECT_OBJC_ISA_USAGE = YES_ERROR;
				CLANG_WARN_DOCUMENTATION_COMMENTS = YES;
				CLANG_WARN_EMPTY_BODY = YES;
				CLANG_WARN_ENUM_CONVERSION = YES;
				CLANG_WARN_INFINITE_RECURSION = YES;
				CLANG_WARN_INT_CONVERSION = YES;
				CLANG_WARN_NON_LITERAL_NULL_CONVERSION = YES;
				CLANG_WARN_OBJC_IMPLICIT_RETAIN_SELF = YES;
				CLANG_WARN_OBJC_LITERAL_CONVERSION = YES;
				CLANG_WARN_OBJC_ROOT_CLASS = YES_ERROR;
				CLANG_WARN_QUOTED_INCLUDE_IN_FRAMEWORK_HEADER = YES;
				CLANG_WARN_RANGE_LOOP_ANALYSIS = YES;
				CLANG_WARN_STRICT_PROTOTYPES = YES;
				CLANG_WARN_SUSPICIOUS_MOVE = YES;
				CLANG_WARN_UNGUARDED_AVAILABILITY = YES_AGGRESSIVE;
				CLANG_WARN_UNREACHABLE_CODE = YES;
				CLANG_WARN__DUPLICATE_METHOD_MATCH = YES;
				COPY_PHASE_STRIP = NO;
				DEBUG_INFORMATION_FORMAT = dwarf;
				ENABLE_STRICT_OBJC_MSGSEND = YES;
				ENABLE_TESTABILITY = YES;
				GCC_C_LANGUAGE_STANDARD = gnu11;
				GCC_DYNAMIC_NO_PIC = NO;
				GCC_NO_COMMON_BLOCKS = YES;
				GCC_OPTIMIZATION_LEVEL = 0;
				GCC_PREPROCESSOR_DEFINITIONS = (
					"DEBUG=1",
					"$(inherited)",
				);
				GCC_WARN_64_TO_32_BIT_CONVERSION = YES;
				GCC_WARN_ABOUT_RETURN_TYPE = YES_ERROR;
				GCC_WARN_UNDECLARED_SELECTOR = YES;
				GCC_WARN_UNINITIALIZED_AUTOS = YES_AGGRESSIVE;
				GCC_WARN_UNUSED_FUNCTION = YES;
				GCC_WARN_UNUSED_VARIABLE = YES;
				IPHONEOS_DEPLOYMENT_TARGET = 14.5;
				MTL_ENABLE_DEBUG_INFO = INCLUDE_SOURCE;
				MTL_FAST_MATH = YES;
				ONLY_ACTIVE_ARCH = YES;
				SDKROOT = iphoneos;
				SWIFT_ACTIVE_COMPILATION_CONDITIONS = DEBUG;
				SWIFT_OPTIMIZATION_LEVEL = "-Onone";
			};
			name = Debug;
		};
		BA29EF0B2670E4900076F3F2 /* Release */ = {
			isa = XCBuildConfiguration;
			buildSettings = {
				ALWAYS_SEARCH_USER_PATHS = NO;
				CLANG_ANALYZER_NONNULL = YES;
				CLANG_ANALYZER_NUMBER_OBJECT_CONVERSION = YES_AGGRESSIVE;
				CLANG_CXX_LANGUAGE_STANDARD = "gnu++14";
				CLANG_CXX_LIBRARY = "libc++";
				CLANG_ENABLE_MODULES = YES;
				CLANG_ENABLE_OBJC_ARC = YES;
				CLANG_ENABLE_OBJC_WEAK = YES;
				CLANG_WARN_BLOCK_CAPTURE_AUTORELEASING = YES;
				CLANG_WARN_BOOL_CONVERSION = YES;
				CLANG_WARN_COMMA = YES;
				CLANG_WARN_CONSTANT_CONVERSION = YES;
				CLANG_WARN_DEPRECATED_OBJC_IMPLEMENTATIONS = YES;
				CLANG_WARN_DIRECT_OBJC_ISA_USAGE = YES_ERROR;
				CLANG_WARN_DOCUMENTATION_COMMENTS = YES;
				CLANG_WARN_EMPTY_BODY = YES;
				CLANG_WARN_ENUM_CONVERSION = YES;
				CLANG_WARN_INFINITE_RECURSION = YES;
				CLANG_WARN_INT_CONVERSION = YES;
				CLANG_WARN_NON_LITERAL_NULL_CONVERSION = YES;
				CLANG_WARN_OBJC_IMPLICIT_RETAIN_SELF = YES;
				CLANG_WARN_OBJC_LITERAL_CONVERSION = YES;
				CLANG_WARN_OBJC_ROOT_CLASS = YES_ERROR;
				CLANG_WARN_QUOTED_INCLUDE_IN_FRAMEWORK_HEADER = YES;
				CLANG_WARN_RANGE_LOOP_ANALYSIS = YES;
				CLANG_WARN_STRICT_PROTOTYPES = YES;
				CLANG_WARN_SUSPICIOUS_MOVE = YES;
				CLANG_WARN_UNGUARDED_AVAILABILITY = YES_AGGRESSIVE;
				CLANG_WARN_UNREACHABLE_CODE = YES;
				CLANG_WARN__DUPLICATE_METHOD_MATCH = YES;
				COPY_PHASE_STRIP = NO;
				DEBUG_INFORMATION_FORMAT = "dwarf-with-dsym";
				ENABLE_NS_ASSERTIONS = NO;
				ENABLE_STRICT_OBJC_MSGSEND = YES;
				GCC_C_LANGUAGE_STANDARD = gnu11;
				GCC_NO_COMMON_BLOCKS = YES;
				GCC_WARN_64_TO_32_BIT_CONVERSION = YES;
				GCC_WARN_ABOUT_RETURN_TYPE = YES_ERROR;
				GCC_WARN_UNDECLARED_SELECTOR = YES;
				GCC_WARN_UNINITIALIZED_AUTOS = YES_AGGRESSIVE;
				GCC_WARN_UNUSED_FUNCTION = YES;
				GCC_WARN_UNUSED_VARIABLE = YES;
				IPHONEOS_DEPLOYMENT_TARGET = 14.5;
				MTL_ENABLE_DEBUG_INFO = NO;
				MTL_FAST_MATH = YES;
				SDKROOT = iphoneos;
				SWIFT_COMPILATION_MODE = wholemodule;
				SWIFT_OPTIMIZATION_LEVEL = "-O";
				VALIDATE_PRODUCT = YES;
			};
			name = Release;
		};
		BA29EF0D2670E4900076F3F2 /* Debug */ = {
			isa = XCBuildConfiguration;
			buildSettings = {
				ASSETCATALOG_COMPILER_APPICON_NAME = AppIcon;
				ASSETCATALOG_COMPILER_GLOBAL_ACCENT_COLOR_NAME = AccentColor;
				CODE_SIGN_STYLE = Automatic;
				DEVELOPMENT_TEAM = T74T7UNB27;
				INFOPLIST_FILE = subject_13/Info.plist;
				LD_RUNPATH_SEARCH_PATHS = (
					"$(inherited)",
					"@executable_path/Frameworks",
				);
				PRODUCT_BUNDLE_IDENTIFIER = "ponta410422-icloud.com.subject-13";
				PRODUCT_NAME = "$(TARGET_NAME)";
				SWIFT_VERSION = 5.0;
				TARGETED_DEVICE_FAMILY = "1,2";
			};
			name = Debug;
		};
		BA29EF0E2670E4900076F3F2 /* Release */ = {
			isa = XCBuildConfiguration;
			buildSettings = {
				ASSETCATALOG_COMPILER_APPICON_NAME = AppIcon;
				ASSETCATALOG_COMPILER_GLOBAL_ACCENT_COLOR_NAME = AccentColor;
				CODE_SIGN_STYLE = Automatic;
				DEVELOPMENT_TEAM = T74T7UNB27;
				INFOPLIST_FILE = subject_13/Info.plist;
				LD_RUNPATH_SEARCH_PATHS = (
					"$(inherited)",
					"@executable_path/Frameworks",
				);
				PRODUCT_BUNDLE_IDENTIFIER = "ponta410422-icloud.com.subject-13";
				PRODUCT_NAME = "$(TARGET_NAME)";
				SWIFT_VERSION = 5.0;
				TARGETED_DEVICE_FAMILY = "1,2";
			};
			name = Release;
		};
/* End XCBuildConfiguration section */

/* Begin XCConfigurationList section */
		BA29EEF32670E48E0076F3F2 /* Build configuration list for PBXProject "subject_13" */ = {
			isa = XCConfigurationList;
			buildConfigurations = (
				BA29EF0A2670E4900076F3F2 /* Debug */,
				BA29EF0B2670E4900076F3F2 /* Release */,
			);
			defaultConfigurationIsVisible = 0;
			defaultConfigurationName = Release;
		};
		BA29EF0C2670E4900076F3F2 /* Build configuration list for PBXNativeTarget "subject_13" */ = {
			isa = XCConfigurationList;
			buildConfigurations = (
				BA29EF0D2670E4900076F3F2 /* Debug */,
				BA29EF0E2670E4900076F3F2 /* Release */,
			);
			defaultConfigurationIsVisible = 0;
			defaultConfigurationName = Release;
		};
/* End XCConfigurationList section */
	};
	rootObject = BA29EEF02670E48E0076F3F2 /* Project object */;
}
